// !$*UTF8*$!
{
	archiveVersion = 1;
	classes = {
	};
	objectVersion = 56;
	objects = {

/* Begin PBXBuildFile section */
		074D93602B2B2CE80085264B /* HexagonParameters.swift in Sources */ = {isa = PBXBuildFile; fileRef = 074D935F2B2B2CE80085264B /* HexagonParameters.swift */; };
		074D93642B2B2DAE0085264B /* BadgeBackground.swift in Sources */ = {isa = PBXBuildFile; fileRef = 074D93632B2B2DAE0085264B /* BadgeBackground.swift */; };
		074D93662B2B313A0085264B /* BadgeSymbol.swift in Sources */ = {isa = PBXBuildFile; fileRef = 074D93652B2B313A0085264B /* BadgeSymbol.swift */; };
		074D93682B2B33840085264B /* RotatedBadgeSymbol.swift in Sources */ = {isa = PBXBuildFile; fileRef = 074D93672B2B33840085264B /* RotatedBadgeSymbol.swift */; };
		074D936A2B2B33E40085264B /* Badge.swift in Sources */ = {isa = PBXBuildFile; fileRef = 074D93692B2B33E40085264B /* Badge.swift */; };
		074D936F2B2B35E00085264B /* Hike.swift in Sources */ = {isa = PBXBuildFile; fileRef = 074D936E2B2B35E00085264B /* Hike.swift */; };
		074D93812B2B38290085264B /* HikeDetail.swift in Sources */ = {isa = PBXBuildFile; fileRef = 074D937D2B2B38290085264B /* HikeDetail.swift */; };
		074D93822B2B38290085264B /* GrapgCapsule.swift in Sources */ = {isa = PBXBuildFile; fileRef = 074D937E2B2B38290085264B /* GrapgCapsule.swift */; };
		074D93832B2B38290085264B /* HikeGraph.swift in Sources */ = {isa = PBXBuildFile; fileRef = 074D937F2B2B38290085264B /* HikeGraph.swift */; };
		074D93842B2B38290085264B /* HikeView.swift in Sources */ = {isa = PBXBuildFile; fileRef = 074D93802B2B38290085264B /* HikeView.swift */; };
		074D93882B2B3B1A0085264B /* hikeData.json in Resources */ = {isa = PBXBuildFile; fileRef = 074D93872B2B3B1A0085264B /* hikeData.json */; };
		074D938B2B2B409D0085264B /* CategoryHome.swift in Sources */ = {isa = PBXBuildFile; fileRef = 074D938A2B2B409D0085264B /* CategoryHome.swift */; };
		074D938D2B2B421B0085264B /* CategoryRow.swift in Sources */ = {isa = PBXBuildFile; fileRef = 074D938C2B2B421B0085264B /* CategoryRow.swift */; };
		074D938F2B2B43180085264B /* CategoryItem.swift in Sources */ = {isa = PBXBuildFile; fileRef = 074D938E2B2B43180085264B /* CategoryItem.swift */; };
		079C54CD2B4926D1001C98F9 /* Profile.swift in Sources */ = {isa = PBXBuildFile; fileRef = 079C54CC2B4926D1001C98F9 /* Profile.swift */; };
		079C54D02B492751001C98F9 /* ProfileHost.swift in Sources */ = {isa = PBXBuildFile; fileRef = 079C54CF2B492751001C98F9 /* ProfileHost.swift */; };
		079C54D22B4927B7001C98F9 /* ProfileSummary.swift in Sources */ = {isa = PBXBuildFile; fileRef = 079C54D12B4927B6001C98F9 /* ProfileSummary.swift */; };
		079C54D42B4928BB001C98F9 /* HikeBadge.swift in Sources */ = {isa = PBXBuildFile; fileRef = 079C54D32B4928BB001C98F9 /* HikeBadge.swift */; };
		079C54D62B492C39001C98F9 /* ProfileEditor.swift in Sources */ = {isa = PBXBuildFile; fileRef = 079C54D52B492C39001C98F9 /* ProfileEditor.swift */; };
		07A6BEC52B29D844007611BF /* Landmarks2023App.swift in Sources */ = {isa = PBXBuildFile; fileRef = 07A6BEC42B29D844007611BF /* Landmarks2023App.swift */; };
		07A6BEC72B29D844007611BF /* ContentView.swift in Sources */ = {isa = PBXBuildFile; fileRef = 07A6BEC62B29D844007611BF /* ContentView.swift */; };
		07A6BEC92B29D845007611BF /* Assets.xcassets in Resources */ = {isa = PBXBuildFile; fileRef = 07A6BEC82B29D845007611BF /* Assets.xcassets */; };
		07A6BECC2B29D845007611BF /* Preview Assets.xcassets in Resources */ = {isa = PBXBuildFile; fileRef = 07A6BECB2B29D845007611BF /* Preview Assets.xcassets */; };
		07A6BED32B29D964007611BF /* CircleImage.swift in Sources */ = {isa = PBXBuildFile; fileRef = 07A6BED22B29D964007611BF /* CircleImage.swift */; };
		07A6BED52B29D9DF007611BF /* MapView.swift in Sources */ = {isa = PBXBuildFile; fileRef = 07A6BED42B29D9DF007611BF /* MapView.swift */; };
		07A6BED72B29DF02007611BF /* landmarkData.json in Resources */ = {isa = PBXBuildFile; fileRef = 07A6BED62B29DF02007611BF /* landmarkData.json */; };
		07A6BEDB2B29DF2A007611BF /* Landmark.swift in Sources */ = {isa = PBXBuildFile; fileRef = 07A6BEDA2B29DF2A007611BF /* Landmark.swift */; };
		07A6BEDD2B29E053007611BF /* ModelData.swift in Sources */ = {isa = PBXBuildFile; fileRef = 07A6BEDC2B29E053007611BF /* ModelData.swift */; };
		07A6BEE22B29E1C4007611BF /* LandmarkRow.swift in Sources */ = {isa = PBXBuildFile; fileRef = 07A6BEE12B29E1C4007611BF /* LandmarkRow.swift */; };
		07A6BEE42B29E360007611BF /* LandmarkList.swift in Sources */ = {isa = PBXBuildFile; fileRef = 07A6BEE32B29E360007611BF /* LandmarkList.swift */; };
		07A6BEE62B29E3FD007611BF /* LandmarkDetail.swift in Sources */ = {isa = PBXBuildFile; fileRef = 07A6BEE52B29E3FD007611BF /* LandmarkDetail.swift */; };
		07A6BEEA2B29ED08007611BF /* FavoriteButton.swift in Sources */ = {isa = PBXBuildFile; fileRef = 07A6BEE92B29ED08007611BF /* FavoriteButton.swift */; };
/* End PBXBuildFile section */

/* Begin PBXFileReference section */
		074D935F2B2B2CE80085264B /* HexagonParameters.swift */ = {isa = PBXFileReference; lastKnownFileType = sourcecode.swift; path = HexagonParameters.swift; sourceTree = "<group>"; };
		074D93632B2B2DAE0085264B /* BadgeBackground.swift */ = {isa = PBXFileReference; lastKnownFileType = sourcecode.swift; path = BadgeBackground.swift; sourceTree = "<group>"; };
		074D93652B2B313A0085264B /* BadgeSymbol.swift */ = {isa = PBXFileReference; lastKnownFileType = sourcecode.swift; path = BadgeSymbol.swift; sourceTree = "<group>"; };
		074D93672B2B33840085264B /* RotatedBadgeSymbol.swift */ = {isa = PBXFileReference; lastKnownFileType = sourcecode.swift; path = RotatedBadgeSymbol.swift; sourceTree = "<group>"; };
		074D93692B2B33E40085264B /* Badge.swift */ = {isa = PBXFileReference; lastKnownFileType = sourcecode.swift; path = Badge.swift; sourceTree = "<group>"; };
		074D936E2B2B35E00085264B /* Hike.swift */ = {isa = PBXFileReference; lastKnownFileType = sourcecode.swift; path = Hike.swift; sourceTree = "<group>"; };
		074D937D2B2B38290085264B /* HikeDetail.swift */ = {isa = PBXFileReference; fileEncoding = 4; lastKnownFileType = sourcecode.swift; path = HikeDetail.swift; sourceTree = "<group>"; };
		074D937E2B2B38290085264B /* GrapgCapsule.swift */ = {isa = PBXFileReference; fileEncoding = 4; lastKnownFileType = sourcecode.swift; path = GrapgCapsule.swift; sourceTree = "<group>"; };
		074D937F2B2B38290085264B /* HikeGraph.swift */ = {isa = PBXFileReference; fileEncoding = 4; lastKnownFileType = sourcecode.swift; path = HikeGraph.swift; sourceTree = "<group>"; };
		074D93802B2B38290085264B /* HikeView.swift */ = {isa = PBXFileReference; fileEncoding = 4; lastKnownFileType = sourcecode.swift; path = HikeView.swift; sourceTree = "<group>"; };
		074D93872B2B3B1A0085264B /* hikeData.json */ = {isa = PBXFileReference; lastKnownFileType = text.json; path = hikeData.json; sourceTree = "<group>"; };
		074D938A2B2B409D0085264B /* CategoryHome.swift */ = {isa = PBXFileReference; lastKnownFileType = sourcecode.swift; path = CategoryHome.swift; sourceTree = "<group>"; };
		074D938C2B2B421B0085264B /* CategoryRow.swift */ = {isa = PBXFileReference; lastKnownFileType = sourcecode.swift; path = CategoryRow.swift; sourceTree = "<group>"; };
		074D938E2B2B43180085264B /* CategoryItem.swift */ = {isa = PBXFileReference; lastKnownFileType = sourcecode.swift; path = CategoryItem.swift; sourceTree = "<group>"; };
		079C54CC2B4926D1001C98F9 /* Profile.swift */ = {isa = PBXFileReference; lastKnownFileType = sourcecode.swift; path = Profile.swift; sourceTree = "<group>"; };
		079C54CF2B492751001C98F9 /* ProfileHost.swift */ = {isa = PBXFileReference; lastKnownFileType = sourcecode.swift; path = ProfileHost.swift; sourceTree = "<group>"; };
		079C54D12B4927B6001C98F9 /* ProfileSummary.swift */ = {isa = PBXFileReference; lastKnownFileType = sourcecode.swift; path = ProfileSummary.swift; sourceTree = "<group>"; };
		079C54D32B4928BB001C98F9 /* HikeBadge.swift */ = {isa = PBXFileReference; lastKnownFileType = sourcecode.swift; path = HikeBadge.swift; sourceTree = "<group>"; };
		079C54D52B492C39001C98F9 /* ProfileEditor.swift */ = {isa = PBXFileReference; lastKnownFileType = sourcecode.swift; path = ProfileEditor.swift; sourceTree = "<group>"; };
		07A6BEC12B29D844007611BF /* Landmarks2023.app */ = {isa = PBXFileReference; explicitFileType = wrapper.application; includeInIndex = 0; path = Landmarks2023.app; sourceTree = BUILT_PRODUCTS_DIR; };
		07A6BEC42B29D844007611BF /* Landmarks2023App.swift */ = {isa = PBXFileReference; lastKnownFileType = sourcecode.swift; path = Landmarks2023App.swift; sourceTree = "<group>"; };
		07A6BEC62B29D844007611BF /* ContentView.swift */ = {isa = PBXFileReference; lastKnownFileType = sourcecode.swift; path = ContentView.swift; sourceTree = "<group>"; };
		07A6BEC82B29D845007611BF /* Assets.xcassets */ = {isa = PBXFileReference; lastKnownFileType = folder.assetcatalog; path = Assets.xcassets; sourceTree = "<group>"; };
		07A6BECB2B29D845007611BF /* Preview Assets.xcassets */ = {isa = PBXFileReference; lastKnownFileType = folder.assetcatalog; path = "Preview Assets.xcassets"; sourceTree = "<group>"; };
		07A6BED22B29D964007611BF /* CircleImage.swift */ = {isa = PBXFileReference; lastKnownFileType = sourcecode.swift; path = CircleImage.swift; sourceTree = "<group>"; };
		07A6BED42B29D9DF007611BF /* MapView.swift */ = {isa = PBXFileReference; lastKnownFileType = sourcecode.swift; path = MapView.swift; sourceTree = "<group>"; };
		07A6BED62B29DF02007611BF /* landmarkData.json */ = {isa = PBXFileReference; fileEncoding = 4; lastKnownFileType = text.json; path = landmarkData.json; sourceTree = "<group>"; };
		07A6BEDA2B29DF2A007611BF /* Landmark.swift */ = {isa = PBXFileReference; lastKnownFileType = sourcecode.swift; path = Landmark.swift; sourceTree = "<group>"; };
		07A6BEDC2B29E053007611BF /* ModelData.swift */ = {isa = PBXFileReference; lastKnownFileType = sourcecode.swift; path = ModelData.swift; sourceTree = "<group>"; };
		07A6BEE12B29E1C4007611BF /* LandmarkRow.swift */ = {isa = PBXFileReference; lastKnownFileType = sourcecode.swift; path = LandmarkRow.swift; sourceTree = "<group>"; };
		07A6BEE32B29E360007611BF /* LandmarkList.swift */ = {isa = PBXFileReference; lastKnownFileType = sourcecode.swift; path = LandmarkList.swift; sourceTree = "<group>"; };
		07A6BEE52B29E3FD007611BF /* LandmarkDetail.swift */ = {isa = PBXFileReference; lastKnownFileType = sourcecode.swift; path = LandmarkDetail.swift; sourceTree = "<group>"; };
		07A6BEE92B29ED08007611BF /* FavoriteButton.swift */ = {isa = PBXFileReference; lastKnownFileType = sourcecode.swift; path = FavoriteButton.swift; sourceTree = "<group>"; };
/* End PBXFileReference section */

/* Begin PBXFrameworksBuildPhase section */
		07A6BEBE2B29D844007611BF /* Frameworks */ = {
			isa = PBXFrameworksBuildPhase;
			buildActionMask = 2147483647;
			files = (
			);
			runOnlyForDeploymentPostprocessing = 0;
		};
/* End PBXFrameworksBuildPhase section */

/* Begin PBXGroup section */
		074D936B2B2B35010085264B /* Badges */ = {
			isa = PBXGroup;
			children = (
				074D93632B2B2DAE0085264B /* BadgeBackground.swift */,
				074D93652B2B313A0085264B /* BadgeSymbol.swift */,
				074D93672B2B33840085264B /* RotatedBadgeSymbol.swift */,
				074D93692B2B33E40085264B /* Badge.swift */,
				074D935F2B2B2CE80085264B /* HexagonParameters.swift */,
			);
			path = Badges;
			sourceTree = "<group>";
		};
		074D937C2B2B381E0085264B /* Hikes */ = {
			isa = PBXGroup;
			children = (
				074D937E2B2B38290085264B /* GrapgCapsule.swift */,
				074D937D2B2B38290085264B /* HikeDetail.swift */,
				074D937F2B2B38290085264B /* HikeGraph.swift */,
				074D93802B2B38290085264B /* HikeView.swift */,
				079C54D32B4928BB001C98F9 /* HikeBadge.swift */,
			);
			path = Hikes;
			sourceTree = "<group>";
		};
		074D93892B2B407F0085264B /* Categories */ = {
			isa = PBXGroup;
			children = (
				074D938A2B2B409D0085264B /* CategoryHome.swift */,
				074D938C2B2B421B0085264B /* CategoryRow.swift */,
				074D938E2B2B43180085264B /* CategoryItem.swift */,
			);
			path = Categories;
			sourceTree = "<group>";
		};
		079C54CE2B492741001C98F9 /* Profiles */ = {
			isa = PBXGroup;
			children = (
				079C54CF2B492751001C98F9 /* ProfileHost.swift */,
				079C54D52B492C39001C98F9 /* ProfileEditor.swift */,
				079C54D12B4927B6001C98F9 /* ProfileSummary.swift */,
			);
			path = Profiles;
			sourceTree = "<group>";
		};
		07A6BEB82B29D844007611BF = {
			isa = PBXGroup;
			children = (
				07A6BEC32B29D844007611BF /* Landmarks2023 */,
				07A6BEC22B29D844007611BF /* Products */,
			);
			sourceTree = "<group>";
		};
		07A6BEC22B29D844007611BF /* Products */ = {
			isa = PBXGroup;
			children = (
				07A6BEC12B29D844007611BF /* Landmarks2023.app */,
			);
			name = Products;
			sourceTree = "<group>";
		};
		07A6BEC32B29D844007611BF /* Landmarks2023 */ = {
			isa = PBXGroup;
			children = (
				07A6BEC42B29D844007611BF /* Landmarks2023App.swift */,
				07A6BEDE2B29E185007611BF /* Views */,
				07A6BEDF2B29E18F007611BF /* Model */,
				07A6BEE02B29E195007611BF /* Ressources */,
				07A6BEC82B29D845007611BF /* Assets.xcassets */,
				07A6BECA2B29D845007611BF /* Preview Content */,
			);
			path = Landmarks2023;
			sourceTree = "<group>";
		};
		07A6BECA2B29D845007611BF /* Preview Content */ = {
			isa = PBXGroup;
			children = (
				07A6BECB2B29D845007611BF /* Preview Assets.xcassets */,
			);
			path = "Preview Content";
			sourceTree = "<group>";
		};
		07A6BEDE2B29E185007611BF /* Views */ = {
			isa = PBXGroup;
			children = (
				07A6BEC62B29D844007611BF /* ContentView.swift */,
				079C54CE2B492741001C98F9 /* Profiles */,
				074D93892B2B407F0085264B /* Categories */,
				07A6BEEC2B29EDB4007611BF /* Landmarks */,
				074D936B2B2B35010085264B /* Badges */,
				074D937C2B2B381E0085264B /* Hikes */,
				07A6BEEB2B29EDAD007611BF /* Helpers */,
			);
			path = Views;
			sourceTree = "<group>";
		};
		07A6BEDF2B29E18F007611BF /* Model */ = {
			isa = PBXGroup;
			children = (
				07A6BEDA2B29DF2A007611BF /* Landmark.swift */,
				074D936E2B2B35E00085264B /* Hike.swift */,
				07A6BEDC2B29E053007611BF /* ModelData.swift */,
				079C54CC2B4926D1001C98F9 /* Profile.swift */,
			);
			path = Model;
			sourceTree = "<group>";
		};
		07A6BEE02B29E195007611BF /* Ressources */ = {
			isa = PBXGroup;
			children = (
				07A6BED62B29DF02007611BF /* landmarkData.json */,
				074D93872B2B3B1A0085264B /* hikeData.json */,
			);
			path = Ressources;
			sourceTree = "<group>";
		};
		07A6BEEB2B29EDAD007611BF /* Helpers */ = {
			isa = PBXGroup;
			children = (
				07A6BED22B29D964007611BF /* CircleImage.swift */,
				07A6BED42B29D9DF007611BF /* MapView.swift */,
				07A6BEE92B29ED08007611BF /* FavoriteButton.swift */,
			);
			path = Helpers;
			sourceTree = "<group>";
		};
		07A6BEEC2B29EDB4007611BF /* Landmarks */ = {
			isa = PBXGroup;
			children = (
				07A6BEE12B29E1C4007611BF /* LandmarkRow.swift */,
				07A6BEE32B29E360007611BF /* LandmarkList.swift */,
				07A6BEE52B29E3FD007611BF /* LandmarkDetail.swift */,
			);
			path = Landmarks;
			sourceTree = "<group>";
		};
/* End PBXGroup section */

/* Begin PBXNativeTarget section */
		07A6BEC02B29D844007611BF /* Landmarks2023 */ = {
			isa = PBXNativeTarget;
			buildConfigurationList = 07A6BECF2B29D845007611BF /* Build configuration list for PBXNativeTarget "Landmarks2023" */;
			buildPhases = (
				07A6BEBD2B29D844007611BF /* Sources */,
				07A6BEBE2B29D844007611BF /* Frameworks */,
				07A6BEBF2B29D844007611BF /* Resources */,
			);
			buildRules = (
			);
			dependencies = (
			);
			name = Landmarks2023;
			productName = Landmarks2023;
			productReference = 07A6BEC12B29D844007611BF /* Landmarks2023.app */;
			productType = "com.apple.product-type.application";
		};
/* End PBXNativeTarget section */

/* Begin PBXProject section */
		07A6BEB92B29D844007611BF /* Project object */ = {
			isa = PBXProject;
			attributes = {
				BuildIndependentTargetsInParallel = 1;
				LastSwiftUpdateCheck = 1510;
				LastUpgradeCheck = 1510;
				TargetAttributes = {
					07A6BEC02B29D844007611BF = {
						CreatedOnToolsVersion = 15.1;
					};
				};
			};
			buildConfigurationList = 07A6BEBC2B29D844007611BF /* Build configuration list for PBXProject "Landmarks2023" */;
			compatibilityVersion = "Xcode 14.0";
			developmentRegion = en;
			hasScannedForEncodings = 0;
			knownRegions = (
				en,
				Base,
			);
			mainGroup = 07A6BEB82B29D844007611BF;
			productRefGroup = 07A6BEC22B29D844007611BF /* Products */;
			projectDirPath = "";
			projectRoot = "";
			targets = (
				07A6BEC02B29D844007611BF /* Landmarks2023 */,
			);
		};
/* End PBXProject section */

/* Begin PBXResourcesBuildPhase section */
		07A6BEBF2B29D844007611BF /* Resources */ = {
			isa = PBXResourcesBuildPhase;
			buildActionMask = 2147483647;
			files = (
				074D93882B2B3B1A0085264B /* hikeData.json in Resources */,
				07A6BECC2B29D845007611BF /* Preview Assets.xcassets in Resources */,
				07A6BEC92B29D845007611BF /* Assets.xcassets in Resources */,
				07A6BED72B29DF02007611BF /* landmarkData.json in Resources */,
			);
			runOnlyForDeploymentPostprocessing = 0;
		};
/* End PBXResourcesBuildPhase section */

/* Begin PBXSourcesBuildPhase section */
		07A6BEBD2B29D844007611BF /* Sources */ = {
			isa = PBXSourcesBuildPhase;
			buildActionMask = 2147483647;
			files = (
				074D938D2B2B421B0085264B /* CategoryRow.swift in Sources */,
				079C54CD2B4926D1001C98F9 /* Profile.swift in Sources */,
				07A6BEC72B29D844007611BF /* ContentView.swift in Sources */,
				074D938B2B2B409D0085264B /* CategoryHome.swift in Sources */,
				074D936A2B2B33E40085264B /* Badge.swift in Sources */,
				07A6BED52B29D9DF007611BF /* MapView.swift in Sources */,
				07A6BEC52B29D844007611BF /* Landmarks2023App.swift in Sources */,
				074D93832B2B38290085264B /* HikeGraph.swift in Sources */,
				07A6BEEA2B29ED08007611BF /* FavoriteButton.swift in Sources */,
				074D93602B2B2CE80085264B /* HexagonParameters.swift in Sources */,
				074D938F2B2B43180085264B /* CategoryItem.swift in Sources */,
				074D936F2B2B35E00085264B /* Hike.swift in Sources */,
				074D93682B2B33840085264B /* RotatedBadgeSymbol.swift in Sources */,
				079C54D02B492751001C98F9 /* ProfileHost.swift in Sources */,
				074D93812B2B38290085264B /* HikeDetail.swift in Sources */,
				074D93662B2B313A0085264B /* BadgeSymbol.swift in Sources */,
				07A6BEE42B29E360007611BF /* LandmarkList.swift in Sources */,
				07A6BEE62B29E3FD007611BF /* LandmarkDetail.swift in Sources */,
				079C54D62B492C39001C98F9 /* ProfileEditor.swift in Sources */,
				074D93842B2B38290085264B /* HikeView.swift in Sources */,
				074D93642B2B2DAE0085264B /* BadgeBackground.swift in Sources */,
				079C54D22B4927B7001C98F9 /* ProfileSummary.swift in Sources */,
				07A6BED32B29D964007611BF /* CircleImage.swift in Sources */,
				079C54D42B4928BB001C98F9 /* HikeBadge.swift in Sources */,
				07A6BEDB2B29DF2A007611BF /* Landmark.swift in Sources */,
				074D93822B2B38290085264B /* GrapgCapsule.swift in Sources */,
				07A6BEE22B29E1C4007611BF /* LandmarkRow.swift in Sources */,
				07A6BEDD2B29E053007611BF /* ModelData.swift in Sources */,
			);
			runOnlyForDeploymentPostprocessing = 0;
		};
/* End PBXSourcesBuildPhase section */

/* Begin XCBuildConfiguration section */
		07A6BECD2B29D845007611BF /* Debug */ = {
			isa = XCBuildConfiguration;
			buildSettings = {
				ALWAYS_SEARCH_USER_PATHS = NO;
				ASSETCATALOG_COMPILER_GENERATE_SWIFT_ASSET_SYMBOL_EXTENSIONS = YES;
				CLANG_ANALYZER_NONNULL = YES;
				CLANG_ANALYZER_NUMBER_OBJECT_CONVERSION = YES_AGGRESSIVE;
				CLANG_CXX_LANGUAGE_STANDARD = "gnu++20";
				CLANG_ENABLE_MODULES = YES;
				CLANG_ENABLE_OBJC_ARC = YES;
				CLANG_ENABLE_OBJC_WEAK = YES;
				CLANG_WARN_BLOCK_CAPTURE_AUTORELEASING = YES;
				CLANG_WARN_BOOL_CONVERSION = YES;
				CLANG_WARN_COMMA = YES;
				CLANG_WARN_CONSTANT_CONVERSION = YES;
				CLANG_WARN_DEPRECATED_OBJC_IMPLEMENTATIONS = YES;
				CLANG_WARN_DIRECT_OBJC_ISA_USAGE = YES_ERROR;
				CLANG_WARN_DOCUMENTATION_COMMENTS = YES;
				CLANG_WARN_EMPTY_BODY = YES;
				CLANG_WARN_ENUM_CONVERSION = YES;
				CLANG_WARN_INFINITE_RECURSION = YES;
				CLANG_WARN_INT_CONVERSION = YES;
				CLANG_WARN_NON_LITERAL_NULL_CONVERSION = YES;
				CLANG_WARN_OBJC_IMPLICIT_RETAIN_SELF = YES;
				CLANG_WARN_OBJC_LITERAL_CONVERSION = YES;
				CLANG_WARN_OBJC_ROOT_CLASS = YES_ERROR;
				CLANG_WARN_QUOTED_INCLUDE_IN_FRAMEWORK_HEADER = YES;
				CLANG_WARN_RANGE_LOOP_ANALYSIS = YES;
				CLANG_WARN_STRICT_PROTOTYPES = YES;
				CLANG_WARN_SUSPICIOUS_MOVE = YES;
				CLANG_WARN_UNGUARDED_AVAILABILITY = YES_AGGRESSIVE;
				CLANG_WARN_UNREACHABLE_CODE = YES;
				CLANG_WARN__DUPLICATE_METHOD_MATCH = YES;
				COPY_PHASE_STRIP = NO;
				DEBUG_INFORMATION_FORMAT = dwarf;
				ENABLE_STRICT_OBJC_MSGSEND = YES;
				ENABLE_TESTABILITY = YES;
				ENABLE_USER_SCRIPT_SANDBOXING = YES;
				GCC_C_LANGUAGE_STANDARD = gnu17;
				GCC_DYNAMIC_NO_PIC = NO;
				GCC_NO_COMMON_BLOCKS = YES;
				GCC_OPTIMIZATION_LEVEL = 0;
				GCC_PREPROCESSOR_DEFINITIONS = (
					"DEBUG=1",
					"$(inherited)",
				);
				GCC_WARN_64_TO_32_BIT_CONVERSION = YES;
				GCC_WARN_ABOUT_RETURN_TYPE = YES_ERROR;
				GCC_WARN_UNDECLARED_SELECTOR = YES;
				GCC_WARN_UNINITIALIZED_AUTOS = YES_AGGRESSIVE;
				GCC_WARN_UNUSED_FUNCTION = YES;
				GCC_WARN_UNUSED_VARIABLE = YES;
				IPHONEOS_DEPLOYMENT_TARGET = 17.2;
				LOCALIZATION_PREFERS_STRING_CATALOGS = YES;
				MTL_ENABLE_DEBUG_INFO = INCLUDE_SOURCE;
				MTL_FAST_MATH = YES;
				ONLY_ACTIVE_ARCH = YES;
				SDKROOT = iphoneos;
				SWIFT_ACTIVE_COMPILATION_CONDITIONS = "DEBUG $(inherited)";
				SWIFT_OPTIMIZATION_LEVEL = "-Onone";
			};
			name = Debug;
		};
		07A6BECE2B29D845007611BF /* Release */ = {
			isa = XCBuildConfiguration;
			buildSettings = {
				ALWAYS_SEARCH_USER_PATHS = NO;
				ASSETCATALOG_COMPILER_GENERATE_SWIFT_ASSET_SYMBOL_EXTENSIONS = YES;
				CLANG_ANALYZER_NONNULL = YES;
				CLANG_ANALYZER_NUMBER_OBJECT_CONVERSION = YES_AGGRESSIVE;
				CLANG_CXX_LANGUAGE_STANDARD = "gnu++20";
				CLANG_ENABLE_MODULES = YES;
				CLANG_ENABLE_OBJC_ARC = YES;
				CLANG_ENABLE_OBJC_WEAK = YES;
				CLANG_WARN_BLOCK_CAPTURE_AUTORELEASING = YES;
				CLANG_WARN_BOOL_CONVERSION = YES;
				CLANG_WARN_COMMA = YES;
				CLANG_WARN_CONSTANT_CONVERSION = YES;
				CLANG_WARN_DEPRECATED_OBJC_IMPLEMENTATIONS = YES;
				CLANG_WARN_DIRECT_OBJC_ISA_USAGE = YES_ERROR;
				CLANG_WARN_DOCUMENTATION_COMMENTS = YES;
				CLANG_WARN_EMPTY_BODY = YES;
				CLANG_WARN_ENUM_CONVERSION = YES;
				CLANG_WARN_INFINITE_RECURSION = YES;
				CLANG_WARN_INT_CONVERSION = YES;
				CLANG_WARN_NON_LITERAL_NULL_CONVERSION = YES;
				CLANG_WARN_OBJC_IMPLICIT_RETAIN_SELF = YES;
				CLANG_WARN_OBJC_LITERAL_CONVERSION = YES;
				CLANG_WARN_OBJC_ROOT_CLASS = YES_ERROR;
				CLANG_WARN_QUOTED_INCLUDE_IN_FRAMEWORK_HEADER = YES;
				CLANG_WARN_RANGE_LOOP_ANALYSIS = YES;
				CLANG_WARN_STRICT_PROTOTYPES = YES;
				CLANG_WARN_SUSPICIOUS_MOVE = YES;
				CLANG_WARN_UNGUARDED_AVAILABILITY = YES_AGGRESSIVE;
				CLANG_WARN_UNREACHABLE_CODE = YES;
				CLANG_WARN__DUPLICATE_METHOD_MATCH = YES;
				COPY_PHASE_STRIP = NO;
				DEBUG_INFORMATION_FORMAT = "dwarf-with-dsym";
				ENABLE_NS_ASSERTIONS = NO;
				ENABLE_STRICT_OBJC_MSGSEND = YES;
				ENABLE_USER_SCRIPT_SANDBOXING = YES;
				GCC_C_LANGUAGE_STANDARD = gnu17;
				GCC_NO_COMMON_BLOCKS = YES;
				GCC_WARN_64_TO_32_BIT_CONVERSION = YES;
				GCC_WARN_ABOUT_RETURN_TYPE = YES_ERROR;
				GCC_WARN_UNDECLARED_SELECTOR = YES;
				GCC_WARN_UNINITIALIZED_AUTOS = YES_AGGRESSIVE;
				GCC_WARN_UNUSED_FUNCTION = YES;
				GCC_WARN_UNUSED_VARIABLE = YES;
				IPHONEOS_DEPLOYMENT_TARGET = 17.2;
				LOCALIZATION_PREFERS_STRING_CATALOGS = YES;
				MTL_ENABLE_DEBUG_INFO = NO;
				MTL_FAST_MATH = YES;
				SDKROOT = iphoneos;
				SWIFT_COMPILATION_MODE = wholemodule;
				VALIDATE_PRODUCT = YES;
			};
			name = Release;
		};
		07A6BED02B29D845007611BF /* Debug */ = {
			isa = XCBuildConfiguration;
			buildSettings = {
				ASSETCATALOG_COMPILER_APPICON_NAME = AppIcon;
				ASSETCATALOG_COMPILER_GLOBAL_ACCENT_COLOR_NAME = AccentColor;
				CODE_SIGN_STYLE = Automatic;
				CURRENT_PROJECT_VERSION = 1;
				DEVELOPMENT_ASSET_PATHS = "\"Landmarks2023/Preview Content\"";
				DEVELOPMENT_TEAM = H7MDDDPC4H;
				ENABLE_PREVIEWS = YES;
				GENERATE_INFOPLIST_FILE = YES;
				INFOPLIST_KEY_UIApplicationSceneManifest_Generation = YES;
				INFOPLIST_KEY_UIApplicationSupportsIndirectInputEvents = YES;
				INFOPLIST_KEY_UILaunchScreen_Generation = YES;
				INFOPLIST_KEY_UISupportedInterfaceOrientations_iPad = "UIInterfaceOrientationPortrait UIInterfaceOrientationPortraitUpsideDown UIInterfaceOrientationLandscapeLeft UIInterfaceOrientationLandscapeRight";
				INFOPLIST_KEY_UISupportedInterfaceOrientations_iPhone = "UIInterfaceOrientationPortrait UIInterfaceOrientationLandscapeLeft UIInterfaceOrientationLandscapeRight";
				LD_RUNPATH_SEARCH_PATHS = (
					"$(inherited)",
					"@executable_path/Frameworks",
				);
				MARKETING_VERSION = 1.0;
				PRODUCT_BUNDLE_IDENTIFIER = com.eric.Landmarks2023;
				PRODUCT_NAME = "$(TARGET_NAME)";
				SWIFT_EMIT_LOC_STRINGS = YES;
				SWIFT_VERSION = 5.0;
				TARGETED_DEVICE_FAMILY = "1,2";
			};
			name = Debug;
		};
		07A6BED12B29D845007611BF /* Release */ = {
			isa = XCBuildConfiguration;
			buildSettings = {
				ASSETCATALOG_COMPILER_APPICON_NAME = AppIcon;
				ASSETCATALOG_COMPILER_GLOBAL_ACCENT_COLOR_NAME = AccentColor;
				CODE_SIGN_STYLE = Automatic;
				CURRENT_PROJECT_VERSION = 1;
				DEVELOPMENT_ASSET_PATHS = "\"Landmarks2023/Preview Content\"";
				DEVELOPMENT_TEAM = H7MDDDPC4H;
				ENABLE_PREVIEWS = YES;
				GENERATE_INFOPLIST_FILE = YES;
				INFOPLIST_KEY_UIApplicationSceneManifest_Generation = YES;
				INFOPLIST_KEY_UIApplicationSupportsIndirectInputEvents = YES;
				INFOPLIST_KEY_UILaunchScreen_Generation = YES;
				INFOPLIST_KEY_UISupportedInterfaceOrientations_iPad = "UIInterfaceOrientationPortrait UIInterfaceOrientationPortraitUpsideDown UIInterfaceOrientationLandscapeLeft UIInterfaceOrientationLandscapeRight";
				INFOPLIST_KEY_UISupportedInterfaceOrientations_iPhone = "UIInterfaceOrientationPortrait UIInterfaceOrientationLandscapeLeft UIInterfaceOrientationLandscapeRight";
				LD_RUNPATH_SEARCH_PATHS = (
					"$(inherited)",
					"@executable_path/Frameworks",
				);
				MARKETING_VERSION = 1.0;
				PRODUCT_BUNDLE_IDENTIFIER = com.eric.Landmarks2023;
				PRODUCT_NAME = "$(TARGET_NAME)";
				SWIFT_EMIT_LOC_STRINGS = YES;
				SWIFT_VERSION = 5.0;
				TARGETED_DEVICE_FAMILY = "1,2";
			};
			name = Release;
		};
/* End XCBuildConfiguration section */

/* Begin XCConfigurationList section */
		07A6BEBC2B29D844007611BF /* Build configuration list for PBXProject "Landmarks2023" */ = {
			isa = XCConfigurationList;
			buildConfigurations = (
				07A6BECD2B29D845007611BF /* Debug */,
				07A6BECE2B29D845007611BF /* Release */,
			);
			defaultConfigurationIsVisible = 0;
			defaultConfigurationName = Release;
		};
		07A6BECF2B29D845007611BF /* Build configuration list for PBXNativeTarget "Landmarks2023" */ = {
			isa = XCConfigurationList;
			buildConfigurations = (
				07A6BED02B29D845007611BF /* Debug */,
				07A6BED12B29D845007611BF /* Release */,
			);
			defaultConfigurationIsVisible = 0;
			defaultConfigurationName = Release;
		};
/* End XCConfigurationList section */
	};
	rootObject = 07A6BEB92B29D844007611BF /* Project object */;
}
